PODS:
  - Alamofire (4.2.0)
  - Bolts (1.8.4):
    - Bolts/AppLinks (= 1.8.4)
    - Bolts/Tasks (= 1.8.4)
  - Bolts/AppLinks (1.8.4):
    - Bolts/Tasks
  - Bolts/Tasks (1.8.4)
  - Crashlytics (3.8.3):
    - Fabric (~> 1.6.3)
  - Fabric (1.6.11)
  - FBSDKCoreKit (4.18.0):
    - Bolts (~> 1.7)
  - FBSDKLoginKit (4.18.0):
    - FBSDKCoreKit
  - Kingfisher (3.2.2)
  - MHTextField (0.6)
  - ObjectMapper (2.2.1)
  - PKHUD (4.1.0)
  - PureLayout (3.0.2)
  - TPKeyboardAvoiding (1.3.1)

DEPENDENCIES:
  - Alamofire (~> 4.0)
  - Crashlytics
  - Fabric
  - FBSDKCoreKit
  - FBSDKLoginKit
  - Kingfisher
  - MHTextField
  - ObjectMapper
  - PKHUD (~> 4.0)
  - PureLayout
  - TPKeyboardAvoiding

SPEC CHECKSUMS:
  Alamofire: aa2e09d871c9160ac53c90e83c68064a94e3dfbe
  Bolts: 8a7995239dbe724f9cba2248b766d48b7ebdd322
  Crashlytics: 2b6dbe138a42395577cfa73dfa1aa7248cadf39e
  Fabric: 5911403591946b8228ab1c51d98f1d7137e863c6
  FBSDKCoreKit: 15fef8804a4629f98c6f4e55e81a76c9d725d85e
  FBSDKLoginKit: 6773073e970b2b15fb12e451ce7f11da0532b880
  Kingfisher: 821466474ad7ffc375a4aecadfa05068cfed67b3
  MHTextField: c13dad029b2a3da5e6a1c7adc7fa499ca8a976e5
  ObjectMapper: 41e43e1a89f8060ef5ea5d04ba852e269a621d68
  PKHUD: a0ecdee9f67d9b462c0c5e4ba38400292ea6ae6e
  PureLayout: 4d550abe49a94f24c2808b9b95db9131685fe4cd
  TPKeyboardAvoiding: 0d6af20e95e2850f4c621841225b59ec7d8dd852

PODFILE CHECKSUM: 4de774b85500664ee23e3cf1e39f889a6381cf64

COCOAPODS: 1.1.1
