// !$*UTF8*$!
{
	archiveVersion = 1;
	classes = {
	};
	objectVersion = 46;
	objects = {

/* Begin PBXBuildFile section */
		38022AAD201C04F60D22A4A5 /* Pods_Happyling.framework in Frameworks */ = {isa = PBXBuildFile; fileRef = 5A448AB0592D852FB57D4B5E /* Pods_Happyling.framework */; };
		8E431AC71DFA24CE005CCD67 /* FacebookUser.swift in Sources */ = {isa = PBXBuildFile; fileRef = 8E431AC61DFA24CE005CCD67 /* FacebookUser.swift */; };
		8E494A721EDBB1570063069B /* DateHelper.swift in Sources */ = {isa = PBXBuildFile; fileRef = 8E494A711EDBB1570063069B /* DateHelper.swift */; };
		8E4FB02F1E887EAC00D9E0AE /* UITextField+Extension.swift in Sources */ = {isa = PBXBuildFile; fileRef = 8E4FB02E1E887EAC00D9E0AE /* UITextField+Extension.swift */; };
		8E55F4021DEA024500911C05 /* AppDelegate.swift in Sources */ = {isa = PBXBuildFile; fileRef = 8E55F4011DEA024500911C05 /* AppDelegate.swift */; };
		8E55F4071DEA024500911C05 /* SignIn.storyboard in Resources */ = {isa = PBXBuildFile; fileRef = 8E55F4051DEA024500911C05 /* SignIn.storyboard */; };
		8E55F4091DEA024500911C05 /* Assets.xcassets in Resources */ = {isa = PBXBuildFile; fileRef = 8E55F4081DEA024500911C05 /* Assets.xcassets */; };
		8E55F41C1DEA05F100911C05 /* LoginViewController.swift in Sources */ = {isa = PBXBuildFile; fileRef = 8E55F41B1DEA05F100911C05 /* LoginViewController.swift */; };
		8E55F41E1DEA09FB00911C05 /* UserRouter.swift in Sources */ = {isa = PBXBuildFile; fileRef = 8E55F41D1DEA09FB00911C05 /* UserRouter.swift */; };
		8E55F4201DEA0A1000911C05 /* CompanyRouter.swift in Sources */ = {isa = PBXBuildFile; fileRef = 8E55F41F1DEA0A1000911C05 /* CompanyRouter.swift */; };
		8E55F4221DEA0A2100911C05 /* IssueRouter.swift in Sources */ = {isa = PBXBuildFile; fileRef = 8E55F4211DEA0A2100911C05 /* IssueRouter.swift */; };
		8E55F4241DEA131300911C05 /* HomeViewController.swift in Sources */ = {isa = PBXBuildFile; fileRef = 8E55F4231DEA131300911C05 /* HomeViewController.swift */; };
		8E55F4261DEA1A5F00911C05 /* SignUpTableViewController.swift in Sources */ = {isa = PBXBuildFile; fileRef = 8E55F4251DEA1A5F00911C05 /* SignUpTableViewController.swift */; };
		8E5841AE1DEA49930026A293 /* Constants.swift in Sources */ = {isa = PBXBuildFile; fileRef = 8E5841AC1DEA49930026A293 /* Constants.swift */; };
		8E5841AF1DEA49930026A293 /* Environment.swift in Sources */ = {isa = PBXBuildFile; fileRef = 8E5841AD1DEA49930026A293 /* Environment.swift */; };
		8E5841B21DEA4ADE0026A293 /* SessionManager.swift in Sources */ = {isa = PBXBuildFile; fileRef = 8E5841B11DEA4ADE0026A293 /* SessionManager.swift */; };
		8E67BD9F1DF9F6D100F92EE5 /* UserProfileTableViewController.swift in Sources */ = {isa = PBXBuildFile; fileRef = 8E67BD9E1DF9F6D100F92EE5 /* UserProfileTableViewController.swift */; };
		8E67BDA11DF9FD5C00F92EE5 /* User.swift in Sources */ = {isa = PBXBuildFile; fileRef = 8E67BDA01DF9FD5C00F92EE5 /* User.swift */; };
		8E67BDA31DF9FF1A00F92EE5 /* GetUserResponse.swift in Sources */ = {isa = PBXBuildFile; fileRef = 8E67BDA21DF9FF1A00F92EE5 /* GetUserResponse.swift */; };
		8E67BDA51DFA0E0A00F92EE5 /* SearchViewController.swift in Sources */ = {isa = PBXBuildFile; fileRef = 8E67BDA41DFA0E0A00F92EE5 /* SearchViewController.swift */; };
		8E67BDA71DFA160800F92EE5 /* Company.swift in Sources */ = {isa = PBXBuildFile; fileRef = 8E67BDA61DFA160800F92EE5 /* Company.swift */; };
		8E67BDA91DFA16DA00F92EE5 /* CompanyCategorie.swift in Sources */ = {isa = PBXBuildFile; fileRef = 8E67BDA81DFA16DA00F92EE5 /* CompanyCategorie.swift */; };
		8E67BDAB1DFA181D00F92EE5 /* GetCompanyResponse.swift in Sources */ = {isa = PBXBuildFile; fileRef = 8E67BDAA1DFA181D00F92EE5 /* GetCompanyResponse.swift */; };
		8E68A4481E8EE32100FDF54B /* Main.storyboard in Resources */ = {isa = PBXBuildFile; fileRef = 8E68A44A1E8EE32100FDF54B /* Main.storyboard */; };
		8E78BB711EB0174B000BD26F /* ProblemsTableViewCell.swift in Sources */ = {isa = PBXBuildFile; fileRef = 8E78BB6F1EB0174B000BD26F /* ProblemsTableViewCell.swift */; };
		8E78BB721EB0174B000BD26F /* ProblemsTableViewCell.xib in Resources */ = {isa = PBXBuildFile; fileRef = 8E78BB701EB0174B000BD26F /* ProblemsTableViewCell.xib */; };
		8E7DF8A11E76DA4E00A8C617 /* GoogleService-Info.plist in Resources */ = {isa = PBXBuildFile; fileRef = 8E7DF8A01E76DA4E00A8C617 /* GoogleService-Info.plist */; };
		8E813C871DEA7C410056C759 /* SignInRouter.swift in Sources */ = {isa = PBXBuildFile; fileRef = 8E813C861DEA7C410056C759 /* SignInRouter.swift */; };
		8E813C891DEA7EA90056C759 /* SignInResponse.swift in Sources */ = {isa = PBXBuildFile; fileRef = 8E813C881DEA7EA90056C759 /* SignInResponse.swift */; };
		8E813C8B1DEA7EF10056C759 /* ResponseAttrs.swift in Sources */ = {isa = PBXBuildFile; fileRef = 8E813C8A1DEA7EF10056C759 /* ResponseAttrs.swift */; };
		8E813C8D1DEA82FB0056C759 /* GenericViewController.swift in Sources */ = {isa = PBXBuildFile; fileRef = 8E813C8C1DEA82FB0056C759 /* GenericViewController.swift */; };
		8EA2B9D11E3E4C79001C9FDE /* Attachment.swift in Sources */ = {isa = PBXBuildFile; fileRef = 8EA2B9D01E3E4C79001C9FDE /* Attachment.swift */; };
		8EA2B9D31E3E4CEC001C9FDE /* CurrentInteraction.swift in Sources */ = {isa = PBXBuildFile; fileRef = 8EA2B9D21E3E4CEC001C9FDE /* CurrentInteraction.swift */; };
		8EA2B9D51E3E4D4E001C9FDE /* IssueReportDTO.swift in Sources */ = {isa = PBXBuildFile; fileRef = 8EA2B9D41E3E4D4E001C9FDE /* IssueReportDTO.swift */; };
		8EA2B9D71E3E4EAF001C9FDE /* GenericTableViewController.swift in Sources */ = {isa = PBXBuildFile; fileRef = 8EA2B9D61E3E4EAF001C9FDE /* GenericTableViewController.swift */; };
		8EA2B9D91E3E4EF1001C9FDE /* IssueReportTypeResponse.swift in Sources */ = {isa = PBXBuildFile; fileRef = 8EA2B9D81E3E4EF1001C9FDE /* IssueReportTypeResponse.swift */; };
		8EA2B9DB1E3E4F1F001C9FDE /* IssueType.swift in Sources */ = {isa = PBXBuildFile; fileRef = 8EA2B9DA1E3E4F1F001C9FDE /* IssueType.swift */; };
		8EA2B9DE1E3E53FD001C9FDE /* CompanyCell.swift in Sources */ = {isa = PBXBuildFile; fileRef = 8EA2B9DC1E3E53FD001C9FDE /* CompanyCell.swift */; };
		8EA2B9DF1E3E53FD001C9FDE /* CompanyCell.xib in Resources */ = {isa = PBXBuildFile; fileRef = 8EA2B9DD1E3E53FD001C9FDE /* CompanyCell.xib */; };
		8EA2B9E11E3E6289001C9FDE /* CategoriesViewController.swift in Sources */ = {isa = PBXBuildFile; fileRef = 8EA2B9E01E3E6289001C9FDE /* CategoriesViewController.swift */; };
		8EA2B9E31E3E6346001C9FDE /* GetCompanyCategoriesResponse.swift in Sources */ = {isa = PBXBuildFile; fileRef = 8EA2B9E21E3E6346001C9FDE /* GetCompanyCategoriesResponse.swift */; };
		8EA2B9E51E3E890E001C9FDE /* UIImage+Extension.swift in Sources */ = {isa = PBXBuildFile; fileRef = 8EA2B9E41E3E890E001C9FDE /* UIImage+Extension.swift */; };
		8EA2B9E71E3E924C001C9FDE /* GetIssuesResponse.swift in Sources */ = {isa = PBXBuildFile; fileRef = 8EA2B9E61E3E924C001C9FDE /* GetIssuesResponse.swift */; };
		8EA2B9E91E3E92A4001C9FDE /* Issue.swift in Sources */ = {isa = PBXBuildFile; fileRef = 8EA2B9E81E3E92A4001C9FDE /* Issue.swift */; };
		8EA2B9EB1E3E9362001C9FDE /* Status.swift in Sources */ = {isa = PBXBuildFile; fileRef = 8EA2B9EA1E3E9362001C9FDE /* Status.swift */; };
		8EA2B9ED1E3E93CA001C9FDE /* Interaction.swift in Sources */ = {isa = PBXBuildFile; fileRef = 8EA2B9EC1E3E93CA001C9FDE /* Interaction.swift */; };
		8EA2B9EF1E3E964F001C9FDE /* ProblemsViewController.swift in Sources */ = {isa = PBXBuildFile; fileRef = 8EA2B9EE1E3E964F001C9FDE /* ProblemsViewController.swift */; };
		8EA2B9F11E3EDC3C001C9FDE /* CompanyInfoTableViewController.swift in Sources */ = {isa = PBXBuildFile; fileRef = 8EA2B9F01E3EDC3C001C9FDE /* CompanyInfoTableViewController.swift */; };
		8EA2B9F41E3EDCF3001C9FDE /* AccountViewController.swift in Sources */ = {isa = PBXBuildFile; fileRef = 8EA2B9F21E3EDCF3001C9FDE /* AccountViewController.swift */; };
		8EA2B9F51E3EDCF3001C9FDE /* EmptyBackgroundView.swift in Sources */ = {isa = PBXBuildFile; fileRef = 8EA2B9F31E3EDCF3001C9FDE /* EmptyBackgroundView.swift */; };
		8EA2B9F71E3EE30C001C9FDE /* GetIssueStatusResponse.swift in Sources */ = {isa = PBXBuildFile; fileRef = 8EA2B9F61E3EE30C001C9FDE /* GetIssueStatusResponse.swift */; };
		8EA72C7C1E8B34DD0086FA96 /* ComplaintTypeViewController.swift in Sources */ = {isa = PBXBuildFile; fileRef = 8EA72C7B1E8B34DD0086FA96 /* ComplaintTypeViewController.swift */; };
		8ECDED711DFC8E3F0001A02D /* IssueViewController.swift in Sources */ = {isa = PBXBuildFile; fileRef = 8ECDED701DFC8E3F0001A02D /* IssueViewController.swift */; };
		8EEBBAED1EE4F39900A7C346 /* CellNotFoundCell.swift in Sources */ = {isa = PBXBuildFile; fileRef = 8EEBBAEB1EE4F39900A7C346 /* CellNotFoundCell.swift */; };
		8EEBBAEE1EE4F39900A7C346 /* CellNotFoundCell.xib in Resources */ = {isa = PBXBuildFile; fileRef = 8EEBBAEC1EE4F39900A7C346 /* CellNotFoundCell.xib */; };
		8EEBBAF01EE5043600A7C346 /* CreateSimpleCompanyViewController.swift in Sources */ = {isa = PBXBuildFile; fileRef = 8EEBBAEF1EE5043600A7C346 /* CreateSimpleCompanyViewController.swift */; };
		8EEDB9881EB97972001D4A92 /* Double+Extension.swift in Sources */ = {isa = PBXBuildFile; fileRef = 8EEDB9871EB97972001D4A92 /* Double+Extension.swift */; };
		8EF8F05A1DFA192D00AFF0AA /* CompanyProfileViewController.swift in Sources */ = {isa = PBXBuildFile; fileRef = 8EF8F0591DFA192D00AFF0AA /* CompanyProfileViewController.swift */; };
		DC08E1091EA8536C0096D18C /* ProblemDetailsViewController.swift in Sources */ = {isa = PBXBuildFile; fileRef = DC08E1081EA8536C0096D18C /* ProblemDetailsViewController.swift */; };
		DC08E10C1EA85F2B0096D18C /* RatingViewController.swift in Sources */ = {isa = PBXBuildFile; fileRef = DC08E10A1EA85F2B0096D18C /* RatingViewController.swift */; };
		DC08E10D1EA85F2B0096D18C /* RatingViewController.xib in Resources */ = {isa = PBXBuildFile; fileRef = DC08E10B1EA85F2B0096D18C /* RatingViewController.xib */; };
		DC664B351EB936AE00D7BA28 /* ThanksViewController.xib in Resources */ = {isa = PBXBuildFile; fileRef = DC664B341EB936AE00D7BA28 /* ThanksViewController.xib */; };
		DC8698C01EDFCB0E0045453C /* CanEvaluateResponse.swift in Sources */ = {isa = PBXBuildFile; fileRef = DC8698BF1EDFCB0E0045453C /* CanEvaluateResponse.swift */; };
		DCC2667C1EB8F92C001D3C4C /* Localizable.strings in Resources */ = {isa = PBXBuildFile; fileRef = DCC2667E1EB8F92C001D3C4C /* Localizable.strings */; };
		DCC266831EB8FA34001D3C4C /* String+Extension.swift in Sources */ = {isa = PBXBuildFile; fileRef = DCC266821EB8FA34001D3C4C /* String+Extension.swift */; };
		DCC266871EB926EE001D3C4C /* LanguageHelper.swift in Sources */ = {isa = PBXBuildFile; fileRef = DCC266861EB926EE001D3C4C /* LanguageHelper.swift */; };
		DCC266891EB930EE001D3C4C /* ThanksViewController.swift in Sources */ = {isa = PBXBuildFile; fileRef = DCC266881EB930EE001D3C4C /* ThanksViewController.swift */; };
/* End PBXBuildFile section */

/* Begin PBXFileReference section */
		5A448AB0592D852FB57D4B5E /* Pods_Happyling.framework */ = {isa = PBXFileReference; explicitFileType = wrapper.framework; includeInIndex = 0; path = Pods_Happyling.framework; sourceTree = BUILT_PRODUCTS_DIR; };
		8D237CF94C26B67967047897 /* Pods-Happyling.debug.xcconfig */ = {isa = PBXFileReference; includeInIndex = 1; lastKnownFileType = text.xcconfig; name = "Pods-Happyling.debug.xcconfig"; path = "Pods/Target Support Files/Pods-Happyling/Pods-Happyling.debug.xcconfig"; sourceTree = "<group>"; };
		8E431AC61DFA24CE005CCD67 /* FacebookUser.swift */ = {isa = PBXFileReference; fileEncoding = 4; lastKnownFileType = sourcecode.swift; path = FacebookUser.swift; sourceTree = "<group>"; };
		8E494A711EDBB1570063069B /* DateHelper.swift */ = {isa = PBXFileReference; fileEncoding = 4; lastKnownFileType = sourcecode.swift; path = DateHelper.swift; sourceTree = "<group>"; };
		8E4FB02E1E887EAC00D9E0AE /* UITextField+Extension.swift */ = {isa = PBXFileReference; fileEncoding = 4; lastKnownFileType = sourcecode.swift; path = "UITextField+Extension.swift"; sourceTree = "<group>"; };
		8E55F3FE1DEA024500911C05 /* Happyling.app */ = {isa = PBXFileReference; explicitFileType = wrapper.application; includeInIndex = 0; path = Happyling.app; sourceTree = BUILT_PRODUCTS_DIR; };
		8E55F4011DEA024500911C05 /* AppDelegate.swift */ = {isa = PBXFileReference; lastKnownFileType = sourcecode.swift; path = AppDelegate.swift; sourceTree = "<group>"; };
		8E55F4061DEA024500911C05 /* Base */ = {isa = PBXFileReference; lastKnownFileType = file.storyboard; name = Base; path = Base.lproj/SignIn.storyboard; sourceTree = "<group>"; };
		8E55F4081DEA024500911C05 /* Assets.xcassets */ = {isa = PBXFileReference; lastKnownFileType = folder.assetcatalog; path = Assets.xcassets; sourceTree = "<group>"; };
		8E55F40D1DEA024600911C05 /* Info.plist */ = {isa = PBXFileReference; lastKnownFileType = text.plist.xml; path = Info.plist; sourceTree = "<group>"; };
		8E55F41B1DEA05F100911C05 /* LoginViewController.swift */ = {isa = PBXFileReference; fileEncoding = 4; lastKnownFileType = sourcecode.swift; path = LoginViewController.swift; sourceTree = "<group>"; };
		8E55F41D1DEA09FB00911C05 /* UserRouter.swift */ = {isa = PBXFileReference; fileEncoding = 4; lastKnownFileType = sourcecode.swift; path = UserRouter.swift; sourceTree = "<group>"; };
		8E55F41F1DEA0A1000911C05 /* CompanyRouter.swift */ = {isa = PBXFileReference; fileEncoding = 4; lastKnownFileType = sourcecode.swift; path = CompanyRouter.swift; sourceTree = "<group>"; };
		8E55F4211DEA0A2100911C05 /* IssueRouter.swift */ = {isa = PBXFileReference; fileEncoding = 4; lastKnownFileType = sourcecode.swift; path = IssueRouter.swift; sourceTree = "<group>"; };
		8E55F4231DEA131300911C05 /* HomeViewController.swift */ = {isa = PBXFileReference; fileEncoding = 4; lastKnownFileType = sourcecode.swift; path = HomeViewController.swift; sourceTree = "<group>"; };
		8E55F4251DEA1A5F00911C05 /* SignUpTableViewController.swift */ = {isa = PBXFileReference; fileEncoding = 4; lastKnownFileType = sourcecode.swift; path = SignUpTableViewController.swift; sourceTree = "<group>"; };
		8E5841AC1DEA49930026A293 /* Constants.swift */ = {isa = PBXFileReference; fileEncoding = 4; lastKnownFileType = sourcecode.swift; path = Constants.swift; sourceTree = "<group>"; };
		8E5841AD1DEA49930026A293 /* Environment.swift */ = {isa = PBXFileReference; fileEncoding = 4; lastKnownFileType = sourcecode.swift; path = Environment.swift; sourceTree = "<group>"; };
		8E5841B11DEA4ADE0026A293 /* SessionManager.swift */ = {isa = PBXFileReference; fileEncoding = 4; lastKnownFileType = sourcecode.swift; path = SessionManager.swift; sourceTree = "<group>"; };
		8E61E7751E770DD20002DD46 /* Happyling.entitlements */ = {isa = PBXFileReference; lastKnownFileType = text.plist.entitlements; path = Happyling.entitlements; sourceTree = "<group>"; };
		8E67BD9E1DF9F6D100F92EE5 /* UserProfileTableViewController.swift */ = {isa = PBXFileReference; fileEncoding = 4; lastKnownFileType = sourcecode.swift; path = UserProfileTableViewController.swift; sourceTree = "<group>"; };
		8E67BDA01DF9FD5C00F92EE5 /* User.swift */ = {isa = PBXFileReference; fileEncoding = 4; lastKnownFileType = sourcecode.swift; path = User.swift; sourceTree = "<group>"; };
		8E67BDA21DF9FF1A00F92EE5 /* GetUserResponse.swift */ = {isa = PBXFileReference; fileEncoding = 4; lastKnownFileType = sourcecode.swift; path = GetUserResponse.swift; sourceTree = "<group>"; };
		8E67BDA41DFA0E0A00F92EE5 /* SearchViewController.swift */ = {isa = PBXFileReference; fileEncoding = 4; lastKnownFileType = sourcecode.swift; path = SearchViewController.swift; sourceTree = "<group>"; };
		8E67BDA61DFA160800F92EE5 /* Company.swift */ = {isa = PBXFileReference; fileEncoding = 4; lastKnownFileType = sourcecode.swift; path = Company.swift; sourceTree = "<group>"; };
		8E67BDA81DFA16DA00F92EE5 /* CompanyCategorie.swift */ = {isa = PBXFileReference; fileEncoding = 4; lastKnownFileType = sourcecode.swift; path = CompanyCategorie.swift; sourceTree = "<group>"; };
		8E67BDAA1DFA181D00F92EE5 /* GetCompanyResponse.swift */ = {isa = PBXFileReference; fileEncoding = 4; lastKnownFileType = sourcecode.swift; path = GetCompanyResponse.swift; sourceTree = "<group>"; };
		8E68A4491E8EE32100FDF54B /* Base */ = {isa = PBXFileReference; lastKnownFileType = file.storyboard; name = Base; path = Base.lproj/Main.storyboard; sourceTree = "<group>"; };
		8E68A44B1E8EE32D00FDF54B /* de */ = {isa = PBXFileReference; lastKnownFileType = text.plist.strings; name = de; path = de.lproj/SignIn.strings; sourceTree = "<group>"; };
		8E68A44C1E8EE32D00FDF54B /* de */ = {isa = PBXFileReference; lastKnownFileType = text.plist.strings; name = de; path = de.lproj/Main.strings; sourceTree = "<group>"; };
		8E68A44D1E8EE33D00FDF54B /* pt-BR */ = {isa = PBXFileReference; lastKnownFileType = text.plist.strings; name = "pt-BR"; path = "pt-BR.lproj/SignIn.strings"; sourceTree = "<group>"; };
		8E68A44E1E8EE33D00FDF54B /* pt-BR */ = {isa = PBXFileReference; lastKnownFileType = text.plist.strings; name = "pt-BR"; path = "pt-BR.lproj/Main.strings"; sourceTree = "<group>"; };
		8E78BB6F1EB0174B000BD26F /* ProblemsTableViewCell.swift */ = {isa = PBXFileReference; fileEncoding = 4; lastKnownFileType = sourcecode.swift; path = ProblemsTableViewCell.swift; sourceTree = "<group>"; };
		8E78BB701EB0174B000BD26F /* ProblemsTableViewCell.xib */ = {isa = PBXFileReference; fileEncoding = 4; lastKnownFileType = file.xib; path = ProblemsTableViewCell.xib; sourceTree = "<group>"; };
		8E7DF8A01E76DA4E00A8C617 /* GoogleService-Info.plist */ = {isa = PBXFileReference; fileEncoding = 4; lastKnownFileType = text.plist.xml; path = "GoogleService-Info.plist"; sourceTree = "<group>"; };
		8E813C861DEA7C410056C759 /* SignInRouter.swift */ = {isa = PBXFileReference; fileEncoding = 4; lastKnownFileType = sourcecode.swift; path = SignInRouter.swift; sourceTree = "<group>"; };
		8E813C881DEA7EA90056C759 /* SignInResponse.swift */ = {isa = PBXFileReference; fileEncoding = 4; lastKnownFileType = sourcecode.swift; path = SignInResponse.swift; sourceTree = "<group>"; };
		8E813C8A1DEA7EF10056C759 /* ResponseAttrs.swift */ = {isa = PBXFileReference; fileEncoding = 4; lastKnownFileType = sourcecode.swift; path = ResponseAttrs.swift; sourceTree = "<group>"; };
		8E813C8C1DEA82FB0056C759 /* GenericViewController.swift */ = {isa = PBXFileReference; fileEncoding = 4; lastKnownFileType = sourcecode.swift; path = GenericViewController.swift; sourceTree = "<group>"; };
		8EA2B9D01E3E4C79001C9FDE /* Attachment.swift */ = {isa = PBXFileReference; fileEncoding = 4; lastKnownFileType = sourcecode.swift; path = Attachment.swift; sourceTree = "<group>"; };
		8EA2B9D21E3E4CEC001C9FDE /* CurrentInteraction.swift */ = {isa = PBXFileReference; fileEncoding = 4; lastKnownFileType = sourcecode.swift; path = CurrentInteraction.swift; sourceTree = "<group>"; };
		8EA2B9D41E3E4D4E001C9FDE /* IssueReportDTO.swift */ = {isa = PBXFileReference; fileEncoding = 4; lastKnownFileType = sourcecode.swift; path = IssueReportDTO.swift; sourceTree = "<group>"; };
		8EA2B9D61E3E4EAF001C9FDE /* GenericTableViewController.swift */ = {isa = PBXFileReference; fileEncoding = 4; lastKnownFileType = sourcecode.swift; path = GenericTableViewController.swift; sourceTree = "<group>"; };
		8EA2B9D81E3E4EF1001C9FDE /* IssueReportTypeResponse.swift */ = {isa = PBXFileReference; fileEncoding = 4; lastKnownFileType = sourcecode.swift; path = IssueReportTypeResponse.swift; sourceTree = "<group>"; };
		8EA2B9DA1E3E4F1F001C9FDE /* IssueType.swift */ = {isa = PBXFileReference; fileEncoding = 4; lastKnownFileType = sourcecode.swift; path = IssueType.swift; sourceTree = "<group>"; };
		8EA2B9DC1E3E53FD001C9FDE /* CompanyCell.swift */ = {isa = PBXFileReference; fileEncoding = 4; lastKnownFileType = sourcecode.swift; path = CompanyCell.swift; sourceTree = "<group>"; };
		8EA2B9DD1E3E53FD001C9FDE /* CompanyCell.xib */ = {isa = PBXFileReference; fileEncoding = 4; lastKnownFileType = file.xib; path = CompanyCell.xib; sourceTree = "<group>"; };
		8EA2B9E01E3E6289001C9FDE /* CategoriesViewController.swift */ = {isa = PBXFileReference; fileEncoding = 4; lastKnownFileType = sourcecode.swift; path = CategoriesViewController.swift; sourceTree = "<group>"; };
		8EA2B9E21E3E6346001C9FDE /* GetCompanyCategoriesResponse.swift */ = {isa = PBXFileReference; fileEncoding = 4; lastKnownFileType = sourcecode.swift; path = GetCompanyCategoriesResponse.swift; sourceTree = "<group>"; };
		8EA2B9E41E3E890E001C9FDE /* UIImage+Extension.swift */ = {isa = PBXFileReference; fileEncoding = 4; lastKnownFileType = sourcecode.swift; path = "UIImage+Extension.swift"; sourceTree = "<group>"; };
		8EA2B9E61E3E924C001C9FDE /* GetIssuesResponse.swift */ = {isa = PBXFileReference; fileEncoding = 4; lastKnownFileType = sourcecode.swift; path = GetIssuesResponse.swift; sourceTree = "<group>"; };
		8EA2B9E81E3E92A4001C9FDE /* Issue.swift */ = {isa = PBXFileReference; fileEncoding = 4; lastKnownFileType = sourcecode.swift; path = Issue.swift; sourceTree = "<group>"; };
		8EA2B9EA1E3E9362001C9FDE /* Status.swift */ = {isa = PBXFileReference; fileEncoding = 4; lastKnownFileType = sourcecode.swift; path = Status.swift; sourceTree = "<group>"; };
		8EA2B9EC1E3E93CA001C9FDE /* Interaction.swift */ = {isa = PBXFileReference; fileEncoding = 4; lastKnownFileType = sourcecode.swift; path = Interaction.swift; sourceTree = "<group>"; };
		8EA2B9EE1E3E964F001C9FDE /* ProblemsViewController.swift */ = {isa = PBXFileReference; fileEncoding = 4; lastKnownFileType = sourcecode.swift; path = ProblemsViewController.swift; sourceTree = "<group>"; };
		8EA2B9F01E3EDC3C001C9FDE /* CompanyInfoTableViewController.swift */ = {isa = PBXFileReference; fileEncoding = 4; lastKnownFileType = sourcecode.swift; path = CompanyInfoTableViewController.swift; sourceTree = "<group>"; };
		8EA2B9F21E3EDCF3001C9FDE /* AccountViewController.swift */ = {isa = PBXFileReference; fileEncoding = 4; lastKnownFileType = sourcecode.swift; path = AccountViewController.swift; sourceTree = "<group>"; };
		8EA2B9F31E3EDCF3001C9FDE /* EmptyBackgroundView.swift */ = {isa = PBXFileReference; fileEncoding = 4; lastKnownFileType = sourcecode.swift; path = EmptyBackgroundView.swift; sourceTree = "<group>"; };
		8EA2B9F61E3EE30C001C9FDE /* GetIssueStatusResponse.swift */ = {isa = PBXFileReference; fileEncoding = 4; lastKnownFileType = sourcecode.swift; path = GetIssueStatusResponse.swift; sourceTree = "<group>"; };
		8EA72C7B1E8B34DD0086FA96 /* ComplaintTypeViewController.swift */ = {isa = PBXFileReference; fileEncoding = 4; lastKnownFileType = sourcecode.swift; path = ComplaintTypeViewController.swift; sourceTree = "<group>"; };
		8ECDED701DFC8E3F0001A02D /* IssueViewController.swift */ = {isa = PBXFileReference; fileEncoding = 4; lastKnownFileType = sourcecode.swift; path = IssueViewController.swift; sourceTree = "<group>"; };
		8EEBBAEB1EE4F39900A7C346 /* CellNotFoundCell.swift */ = {isa = PBXFileReference; fileEncoding = 4; lastKnownFileType = sourcecode.swift; path = CellNotFoundCell.swift; sourceTree = "<group>"; };
		8EEBBAEC1EE4F39900A7C346 /* CellNotFoundCell.xib */ = {isa = PBXFileReference; fileEncoding = 4; lastKnownFileType = file.xib; path = CellNotFoundCell.xib; sourceTree = "<group>"; };
		8EEBBAEF1EE5043600A7C346 /* CreateSimpleCompanyViewController.swift */ = {isa = PBXFileReference; fileEncoding = 4; lastKnownFileType = sourcecode.swift; path = CreateSimpleCompanyViewController.swift; sourceTree = "<group>"; };
		8EEDB9871EB97972001D4A92 /* Double+Extension.swift */ = {isa = PBXFileReference; fileEncoding = 4; lastKnownFileType = sourcecode.swift; path = "Double+Extension.swift"; sourceTree = "<group>"; };
		8EF8F0591DFA192D00AFF0AA /* CompanyProfileViewController.swift */ = {isa = PBXFileReference; fileEncoding = 4; lastKnownFileType = sourcecode.swift; path = CompanyProfileViewController.swift; sourceTree = "<group>"; };
		CC5CF2DAF012F706F9236D87 /* Pods-Happyling.release.xcconfig */ = {isa = PBXFileReference; includeInIndex = 1; lastKnownFileType = text.xcconfig; name = "Pods-Happyling.release.xcconfig"; path = "Pods/Target Support Files/Pods-Happyling/Pods-Happyling.release.xcconfig"; sourceTree = "<group>"; };
		DC08E1081EA8536C0096D18C /* ProblemDetailsViewController.swift */ = {isa = PBXFileReference; fileEncoding = 4; lastKnownFileType = sourcecode.swift; path = ProblemDetailsViewController.swift; sourceTree = "<group>"; };
		DC08E10A1EA85F2B0096D18C /* RatingViewController.swift */ = {isa = PBXFileReference; fileEncoding = 4; lastKnownFileType = sourcecode.swift; path = RatingViewController.swift; sourceTree = "<group>"; };
		DC08E10B1EA85F2B0096D18C /* RatingViewController.xib */ = {isa = PBXFileReference; fileEncoding = 4; lastKnownFileType = file.xib; path = RatingViewController.xib; sourceTree = "<group>"; };
		DC664B341EB936AE00D7BA28 /* ThanksViewController.xib */ = {isa = PBXFileReference; fileEncoding = 4; lastKnownFileType = file.xib; path = ThanksViewController.xib; sourceTree = "<group>"; };
		DC8698BF1EDFCB0E0045453C /* CanEvaluateResponse.swift */ = {isa = PBXFileReference; fileEncoding = 4; lastKnownFileType = sourcecode.swift; path = CanEvaluateResponse.swift; sourceTree = "<group>"; };
		DCC2667B1EB8F753001D3C4C /* en */ = {isa = PBXFileReference; lastKnownFileType = text.plist.strings; name = en; path = en.lproj/Main.strings; sourceTree = "<group>"; };
		DCC2667F1EB8F935001D3C4C /* en */ = {isa = PBXFileReference; lastKnownFileType = text.plist.strings; name = en; path = en.lproj/Localizable.strings; sourceTree = "<group>"; };
		DCC266801EB8F939001D3C4C /* de */ = {isa = PBXFileReference; lastKnownFileType = text.plist.strings; name = de; path = de.lproj/Localizable.strings; sourceTree = "<group>"; };
		DCC266811EB8F939001D3C4C /* pt-BR */ = {isa = PBXFileReference; lastKnownFileType = text.plist.strings; name = "pt-BR"; path = "pt-BR.lproj/Localizable.strings"; sourceTree = "<group>"; };
		DCC266821EB8FA34001D3C4C /* String+Extension.swift */ = {isa = PBXFileReference; fileEncoding = 4; lastKnownFileType = sourcecode.swift; path = "String+Extension.swift"; sourceTree = "<group>"; };
		DCC266851EB9002B001D3C4C /* en */ = {isa = PBXFileReference; lastKnownFileType = text.plist.strings; name = en; path = en.lproj/SignIn.strings; sourceTree = "<group>"; };
		DCC266861EB926EE001D3C4C /* LanguageHelper.swift */ = {isa = PBXFileReference; fileEncoding = 4; lastKnownFileType = sourcecode.swift; path = LanguageHelper.swift; sourceTree = "<group>"; };
		DCC266881EB930EE001D3C4C /* ThanksViewController.swift */ = {isa = PBXFileReference; fileEncoding = 4; lastKnownFileType = sourcecode.swift; path = ThanksViewController.swift; sourceTree = "<group>"; };
/* End PBXFileReference section */

/* Begin PBXFrameworksBuildPhase section */
		8E55F3FB1DEA024500911C05 /* Frameworks */ = {
			isa = PBXFrameworksBuildPhase;
			buildActionMask = 2147483647;
			files = (
				38022AAD201C04F60D22A4A5 /* Pods_Happyling.framework in Frameworks */,
			);
			runOnlyForDeploymentPostprocessing = 0;
		};
/* End PBXFrameworksBuildPhase section */

/* Begin PBXGroup section */
		5E9FB817BE397B06E883700F /* Frameworks */ = {
			isa = PBXGroup;
			children = (
				5A448AB0592D852FB57D4B5E /* Pods_Happyling.framework */,
			);
			name = Frameworks;
			sourceTree = "<group>";
		};
		8E55F3F51DEA024500911C05 = {
			isa = PBXGroup;
			children = (
				8E55F4001DEA024500911C05 /* Happyling */,
				8E55F3FF1DEA024500911C05 /* Products */,
				C458BF8CA78F7DFBC409792F /* Pods */,
				5E9FB817BE397B06E883700F /* Frameworks */,
			);
			sourceTree = "<group>";
		};
		8E55F3FF1DEA024500911C05 /* Products */ = {
			isa = PBXGroup;
			children = (
				8E55F3FE1DEA024500911C05 /* Happyling.app */,
			);
			name = Products;
			sourceTree = "<group>";
		};
		8E55F4001DEA024500911C05 /* Happyling */ = {
			isa = PBXGroup;
			children = (
				8E55F4011DEA024500911C05 /* AppDelegate.swift */,
				8E55F4051DEA024500911C05 /* SignIn.storyboard */,
				8E68A44A1E8EE32100FDF54B /* Main.storyboard */,
				8E5841B01DEA4ACB0026A293 /* Helpers */,
				8E55F4151DEA05CB00911C05 /* Controllers */,
				8E55F4161DEA05CB00911C05 /* Models */,
				8E55F4171DEA05CB00911C05 /* API */,
				8E55F4181DEA05CB00911C05 /* CustomCells */,
				DC664B331EB9369E00D7BA28 /* CustomViews */,
				8E55F4191DEA05CB00911C05 /* CustomFonts */,
				8E55F41A1DEA05CB00911C05 /* Extensions */,
				8E55F4131DEA036400911C05 /* Supporting Files */,
			);
			path = Happyling;
			sourceTree = "<group>";
		};
		8E55F4131DEA036400911C05 /* Supporting Files */ = {
			isa = PBXGroup;
			children = (
				8E61E7751E770DD20002DD46 /* Happyling.entitlements */,
				8E7DF8A01E76DA4E00A8C617 /* GoogleService-Info.plist */,
				DCC2667E1EB8F92C001D3C4C /* Localizable.strings */,
				8E5841AC1DEA49930026A293 /* Constants.swift */,
				8E5841AD1DEA49930026A293 /* Environment.swift */,
				8E55F4081DEA024500911C05 /* Assets.xcassets */,
				8E55F40D1DEA024600911C05 /* Info.plist */,
			);
			name = "Supporting Files";
			sourceTree = "<group>";
		};
		8E55F4151DEA05CB00911C05 /* Controllers */ = {
			isa = PBXGroup;
			children = (
				8E55F4231DEA131300911C05 /* HomeViewController.swift */,
				8E55F41B1DEA05F100911C05 /* LoginViewController.swift */,
				8E67BDA41DFA0E0A00F92EE5 /* SearchViewController.swift */,
				8EEBBAEF1EE5043600A7C346 /* CreateSimpleCompanyViewController.swift */,
				8EF8F0591DFA192D00AFF0AA /* CompanyProfileViewController.swift */,
				8ECDED701DFC8E3F0001A02D /* IssueViewController.swift */,
				DCC266881EB930EE001D3C4C /* ThanksViewController.swift */,
				8EA72C7B1E8B34DD0086FA96 /* ComplaintTypeViewController.swift */,
				8EA2B9E01E3E6289001C9FDE /* CategoriesViewController.swift */,
				8E67BD9E1DF9F6D100F92EE5 /* UserProfileTableViewController.swift */,
				8EA2B9F01E3EDC3C001C9FDE /* CompanyInfoTableViewController.swift */,
				8EA2B9F21E3EDCF3001C9FDE /* AccountViewController.swift */,
				8EA2B9EE1E3E964F001C9FDE /* ProblemsViewController.swift */,
				DC08E1081EA8536C0096D18C /* ProblemDetailsViewController.swift */,
				8EA2B9F31E3EDCF3001C9FDE /* EmptyBackgroundView.swift */,
				8E55F4251DEA1A5F00911C05 /* SignUpTableViewController.swift */,
				8E813C8C1DEA82FB0056C759 /* GenericViewController.swift */,
				8EA2B9D61E3E4EAF001C9FDE /* GenericTableViewController.swift */,
			);
			path = Controllers;
			sourceTree = "<group>";
		};
		8E55F4161DEA05CB00911C05 /* Models */ = {
			isa = PBXGroup;
			children = (
				8E813C881DEA7EA90056C759 /* SignInResponse.swift */,
				8E67BDA21DF9FF1A00F92EE5 /* GetUserResponse.swift */,
				8EA2B9E61E3E924C001C9FDE /* GetIssuesResponse.swift */,
				8EA2B9F61E3EE30C001C9FDE /* GetIssueStatusResponse.swift */,
				DC8698BF1EDFCB0E0045453C /* CanEvaluateResponse.swift */,
				8E813C8A1DEA7EF10056C759 /* ResponseAttrs.swift */,
				8EA2B9E81E3E92A4001C9FDE /* Issue.swift */,
				8E67BDAA1DFA181D00F92EE5 /* GetCompanyResponse.swift */,
				8EA2B9E21E3E6346001C9FDE /* GetCompanyCategoriesResponse.swift */,
				8E67BDA01DF9FD5C00F92EE5 /* User.swift */,
				8EA2B9EA1E3E9362001C9FDE /* Status.swift */,
				8EA2B9EC1E3E93CA001C9FDE /* Interaction.swift */,
				8E431AC61DFA24CE005CCD67 /* FacebookUser.swift */,
				8E67BDA61DFA160800F92EE5 /* Company.swift */,
				8E67BDA81DFA16DA00F92EE5 /* CompanyCategorie.swift */,
				8EA2B9D81E3E4EF1001C9FDE /* IssueReportTypeResponse.swift */,
				8EA2B9DA1E3E4F1F001C9FDE /* IssueType.swift */,
				8EA2B9D41E3E4D4E001C9FDE /* IssueReportDTO.swift */,
				8EA2B9D21E3E4CEC001C9FDE /* CurrentInteraction.swift */,
				8EA2B9D01E3E4C79001C9FDE /* Attachment.swift */,
			);
			path = Models;
			sourceTree = "<group>";
		};
		8E55F4171DEA05CB00911C05 /* API */ = {
			isa = PBXGroup;
			children = (
				8E55F41D1DEA09FB00911C05 /* UserRouter.swift */,
				8E55F41F1DEA0A1000911C05 /* CompanyRouter.swift */,
				8E55F4211DEA0A2100911C05 /* IssueRouter.swift */,
				8E813C861DEA7C410056C759 /* SignInRouter.swift */,
			);
			path = API;
			sourceTree = "<group>";
		};
		8E55F4181DEA05CB00911C05 /* CustomCells */ = {
			isa = PBXGroup;
			children = (
				8EA2B9DC1E3E53FD001C9FDE /* CompanyCell.swift */,
				8EA2B9DD1E3E53FD001C9FDE /* CompanyCell.xib */,
				DC08E10A1EA85F2B0096D18C /* RatingViewController.swift */,
				DC08E10B1EA85F2B0096D18C /* RatingViewController.xib */,
				8E78BB6F1EB0174B000BD26F /* ProblemsTableViewCell.swift */,
				8E78BB701EB0174B000BD26F /* ProblemsTableViewCell.xib */,
				8EEBBAEB1EE4F39900A7C346 /* CellNotFoundCell.swift */,
				8EEBBAEC1EE4F39900A7C346 /* CellNotFoundCell.xib */,
			);
			path = CustomCells;
			sourceTree = "<group>";
		};
		8E55F4191DEA05CB00911C05 /* CustomFonts */ = {
			isa = PBXGroup;
			children = (
			);
			path = CustomFonts;
			sourceTree = "<group>";
		};
		8E55F41A1DEA05CB00911C05 /* Extensions */ = {
			isa = PBXGroup;
			children = (
				8EA2B9E41E3E890E001C9FDE /* UIImage+Extension.swift */,
				8E4FB02E1E887EAC00D9E0AE /* UITextField+Extension.swift */,
				DCC266821EB8FA34001D3C4C /* String+Extension.swift */,
				8EEDB9871EB97972001D4A92 /* Double+Extension.swift */,
			);
			path = Extensions;
			sourceTree = "<group>";
		};
		8E5841B01DEA4ACB0026A293 /* Helpers */ = {
			isa = PBXGroup;
			children = (
				8E5841B11DEA4ADE0026A293 /* SessionManager.swift */,
				DCC266861EB926EE001D3C4C /* LanguageHelper.swift */,
				8E494A711EDBB1570063069B /* DateHelper.swift */,
			);
			path = Helpers;
			sourceTree = "<group>";
		};
		C458BF8CA78F7DFBC409792F /* Pods */ = {
			isa = PBXGroup;
			children = (
				8D237CF94C26B67967047897 /* Pods-Happyling.debug.xcconfig */,
				CC5CF2DAF012F706F9236D87 /* Pods-Happyling.release.xcconfig */,
			);
			name = Pods;
			sourceTree = "<group>";
		};
		DC664B331EB9369E00D7BA28 /* CustomViews */ = {
			isa = PBXGroup;
			children = (
				DC664B341EB936AE00D7BA28 /* ThanksViewController.xib */,
			);
			path = CustomViews;
			sourceTree = "<group>";
		};
/* End PBXGroup section */

/* Begin PBXNativeTarget section */
		8E55F3FD1DEA024500911C05 /* Happyling */ = {
			isa = PBXNativeTarget;
			buildConfigurationList = 8E55F4101DEA024600911C05 /* Build configuration list for PBXNativeTarget "Happyling" */;
			buildPhases = (
				DE0116AA5A54253C3BAE134C /* [CP] Check Pods Manifest.lock */,
				8E55F3FA1DEA024500911C05 /* Sources */,
				8E55F3FB1DEA024500911C05 /* Frameworks */,
				8E55F3FC1DEA024500911C05 /* Resources */,
				66DE0C24E65F11BD8961A8E7 /* [CP] Embed Pods Frameworks */,
				CFB4870B4951C4CAB8BC2675 /* [CP] Copy Pods Resources */,
				8E55F4141DEA043200911C05 /* ShellScript */,
			);
			buildRules = (
			);
			dependencies = (
			);
			name = Happyling;
			productName = Happyling;
			productReference = 8E55F3FE1DEA024500911C05 /* Happyling.app */;
			productType = "com.apple.product-type.application";
		};
/* End PBXNativeTarget section */

/* Begin PBXProject section */
		8E55F3F61DEA024500911C05 /* Project object */ = {
			isa = PBXProject;
			attributes = {
				LastSwiftUpdateCheck = 0810;
				LastUpgradeCheck = 0810;
				ORGANIZATIONNAME = Happyling;
				TargetAttributes = {
					8E55F3FD1DEA024500911C05 = {
						CreatedOnToolsVersion = 8.1;
						DevelopmentTeam = CFU6825MEZ;
						ProvisioningStyle = Manual;
						SystemCapabilities = {
							com.apple.BackgroundModes = {
								enabled = 0;
							};
							com.apple.Push = {
								enabled = 1;
							};
						};
					};
				};
			};
			buildConfigurationList = 8E55F3F91DEA024500911C05 /* Build configuration list for PBXProject "Happyling" */;
			compatibilityVersion = "Xcode 3.2";
			developmentRegion = English;
			hasScannedForEncodings = 0;
			knownRegions = (
				en,
				Base,
				de,
				"pt-BR",
			);
			mainGroup = 8E55F3F51DEA024500911C05;
			productRefGroup = 8E55F3FF1DEA024500911C05 /* Products */;
			projectDirPath = "";
			projectRoot = "";
			targets = (
				8E55F3FD1DEA024500911C05 /* Happyling */,
			);
		};
/* End PBXProject section */

/* Begin PBXResourcesBuildPhase section */
		8E55F3FC1DEA024500911C05 /* Resources */ = {
			isa = PBXResourcesBuildPhase;
			buildActionMask = 2147483647;
			files = (
				8EEBBAEE1EE4F39900A7C346 /* CellNotFoundCell.xib in Resources */,
				8E7DF8A11E76DA4E00A8C617 /* GoogleService-Info.plist in Resources */,
				8E78BB721EB0174B000BD26F /* ProblemsTableViewCell.xib in Resources */,
				DC08E10D1EA85F2B0096D18C /* RatingViewController.xib in Resources */,
				DC664B351EB936AE00D7BA28 /* ThanksViewController.xib in Resources */,
				8E55F4091DEA024500911C05 /* Assets.xcassets in Resources */,
				8E55F4071DEA024500911C05 /* SignIn.storyboard in Resources */,
				DCC2667C1EB8F92C001D3C4C /* Localizable.strings in Resources */,
				8E68A4481E8EE32100FDF54B /* Main.storyboard in Resources */,
				8EA2B9DF1E3E53FD001C9FDE /* CompanyCell.xib in Resources */,
			);
			runOnlyForDeploymentPostprocessing = 0;
		};
/* End PBXResourcesBuildPhase section */

/* Begin PBXShellScriptBuildPhase section */
		66DE0C24E65F11BD8961A8E7 /* [CP] Embed Pods Frameworks */ = {
			isa = PBXShellScriptBuildPhase;
			buildActionMask = 2147483647;
			files = (
			);
			inputPaths = (
			);
			name = "[CP] Embed Pods Frameworks";
			outputPaths = (
			);
			runOnlyForDeploymentPostprocessing = 0;
			shellPath = /bin/sh;
			shellScript = "\"${SRCROOT}/Pods/Target Support Files/Pods-Happyling/Pods-Happyling-frameworks.sh\"\n";
			showEnvVarsInLog = 0;
		};
		8E55F4141DEA043200911C05 /* ShellScript */ = {
			isa = PBXShellScriptBuildPhase;
			buildActionMask = 2147483647;
			files = (
			);
			inputPaths = (
			);
			outputPaths = (
			);
			runOnlyForDeploymentPostprocessing = 0;
			shellPath = /bin/sh;
			shellScript = "\"${PODS_ROOT}/Fabric/run\" b6f821bc123d0be4e61f36b170caff3a9093cc76 e31e0ab945558a19dd85e0e84317755e58fa620224d28c98b112da84cca9443e";
		};
		CFB4870B4951C4CAB8BC2675 /* [CP] Copy Pods Resources */ = {
			isa = PBXShellScriptBuildPhase;
			buildActionMask = 2147483647;
			files = (
			);
			inputPaths = (
			);
			name = "[CP] Copy Pods Resources";
			outputPaths = (
			);
			runOnlyForDeploymentPostprocessing = 0;
			shellPath = /bin/sh;
			shellScript = "\"${SRCROOT}/Pods/Target Support Files/Pods-Happyling/Pods-Happyling-resources.sh\"\n";
			showEnvVarsInLog = 0;
		};
		DE0116AA5A54253C3BAE134C /* [CP] Check Pods Manifest.lock */ = {
			isa = PBXShellScriptBuildPhase;
			buildActionMask = 2147483647;
			files = (
			);
			inputPaths = (
			);
			name = "[CP] Check Pods Manifest.lock";
			outputPaths = (
			);
			runOnlyForDeploymentPostprocessing = 0;
			shellPath = /bin/sh;
			shellScript = "diff \"${PODS_PODFILE_DIR_PATH}/Podfile.lock\" \"${PODS_ROOT}/Manifest.lock\" > /dev/null\nif [ $? != 0 ] ; then\n    # print error to STDERR\n    echo \"error: The sandbox is not in sync with the Podfile.lock. Run 'pod install' or update your CocoaPods installation.\" >&2\n    exit 1\nfi\n";
			showEnvVarsInLog = 0;
		};
/* End PBXShellScriptBuildPhase section */

/* Begin PBXSourcesBuildPhase section */
		8E55F3FA1DEA024500911C05 /* Sources */ = {
			isa = PBXSourcesBuildPhase;
			buildActionMask = 2147483647;
			files = (
				8ECDED711DFC8E3F0001A02D /* IssueViewController.swift in Sources */,
				8E813C8B1DEA7EF10056C759 /* ResponseAttrs.swift in Sources */,
				8EEBBAED1EE4F39900A7C346 /* CellNotFoundCell.swift in Sources */,
				8EA2B9DE1E3E53FD001C9FDE /* CompanyCell.swift in Sources */,
				8EA2B9D51E3E4D4E001C9FDE /* IssueReportDTO.swift in Sources */,
				8E494A721EDBB1570063069B /* DateHelper.swift in Sources */,
				8EEBBAF01EE5043600A7C346 /* CreateSimpleCompanyViewController.swift in Sources */,
				8EEDB9881EB97972001D4A92 /* Double+Extension.swift in Sources */,
				8EA2B9F71E3EE30C001C9FDE /* GetIssueStatusResponse.swift in Sources */,
				8E67BDA91DFA16DA00F92EE5 /* CompanyCategorie.swift in Sources */,
				8EA2B9ED1E3E93CA001C9FDE /* Interaction.swift in Sources */,
				8E55F4221DEA0A2100911C05 /* IssueRouter.swift in Sources */,
				8EA2B9E31E3E6346001C9FDE /* GetCompanyCategoriesResponse.swift in Sources */,
				8EA2B9D71E3E4EAF001C9FDE /* GenericTableViewController.swift in Sources */,
				8E67BDA71DFA160800F92EE5 /* Company.swift in Sources */,
				8EA2B9D11E3E4C79001C9FDE /* Attachment.swift in Sources */,
				8E55F4261DEA1A5F00911C05 /* SignUpTableViewController.swift in Sources */,
				8E78BB711EB0174B000BD26F /* ProblemsTableViewCell.swift in Sources */,
				8E431AC71DFA24CE005CCD67 /* FacebookUser.swift in Sources */,
				8E67BDA51DFA0E0A00F92EE5 /* SearchViewController.swift in Sources */,
				8EA2B9F51E3EDCF3001C9FDE /* EmptyBackgroundView.swift in Sources */,
				8EF8F05A1DFA192D00AFF0AA /* CompanyProfileViewController.swift in Sources */,
				8E4FB02F1E887EAC00D9E0AE /* UITextField+Extension.swift in Sources */,
				8EA2B9E91E3E92A4001C9FDE /* Issue.swift in Sources */,
				DC08E1091EA8536C0096D18C /* ProblemDetailsViewController.swift in Sources */,
				8EA2B9D31E3E4CEC001C9FDE /* CurrentInteraction.swift in Sources */,
				DC8698C01EDFCB0E0045453C /* CanEvaluateResponse.swift in Sources */,
				8EA2B9EB1E3E9362001C9FDE /* Status.swift in Sources */,
				8EA2B9D91E3E4EF1001C9FDE /* IssueReportTypeResponse.swift in Sources */,
				8EA2B9E71E3E924C001C9FDE /* GetIssuesResponse.swift in Sources */,
				8E55F41C1DEA05F100911C05 /* LoginViewController.swift in Sources */,
				DC08E10C1EA85F2B0096D18C /* RatingViewController.swift in Sources */,
				DCC266871EB926EE001D3C4C /* LanguageHelper.swift in Sources */,
				8E813C8D1DEA82FB0056C759 /* GenericViewController.swift in Sources */,
				8E67BDAB1DFA181D00F92EE5 /* GetCompanyResponse.swift in Sources */,
				DCC266831EB8FA34001D3C4C /* String+Extension.swift in Sources */,
				8EA72C7C1E8B34DD0086FA96 /* ComplaintTypeViewController.swift in Sources */,
				8EA2B9F41E3EDCF3001C9FDE /* AccountViewController.swift in Sources */,
				8E67BDA31DF9FF1A00F92EE5 /* GetUserResponse.swift in Sources */,
				8E67BD9F1DF9F6D100F92EE5 /* UserProfileTableViewController.swift in Sources */,
				8EA2B9E51E3E890E001C9FDE /* UIImage+Extension.swift in Sources */,
				8E67BDA11DF9FD5C00F92EE5 /* User.swift in Sources */,
				8E55F41E1DEA09FB00911C05 /* UserRouter.swift in Sources */,
				DCC266891EB930EE001D3C4C /* ThanksViewController.swift in Sources */,
				8EA2B9E11E3E6289001C9FDE /* CategoriesViewController.swift in Sources */,
				8E813C891DEA7EA90056C759 /* SignInResponse.swift in Sources */,
				8E5841AF1DEA49930026A293 /* Environment.swift in Sources */,
				8EA2B9EF1E3E964F001C9FDE /* ProblemsViewController.swift in Sources */,
				8E55F4201DEA0A1000911C05 /* CompanyRouter.swift in Sources */,
				8E813C871DEA7C410056C759 /* SignInRouter.swift in Sources */,
				8E55F4021DEA024500911C05 /* AppDelegate.swift in Sources */,
				8E55F4241DEA131300911C05 /* HomeViewController.swift in Sources */,
				8E5841B21DEA4ADE0026A293 /* SessionManager.swift in Sources */,
				8E5841AE1DEA49930026A293 /* Constants.swift in Sources */,
				8EA2B9DB1E3E4F1F001C9FDE /* IssueType.swift in Sources */,
				8EA2B9F11E3EDC3C001C9FDE /* CompanyInfoTableViewController.swift in Sources */,
			);
			runOnlyForDeploymentPostprocessing = 0;
		};
/* End PBXSourcesBuildPhase section */

/* Begin PBXVariantGroup section */
		8E55F4051DEA024500911C05 /* SignIn.storyboard */ = {
			isa = PBXVariantGroup;
			children = (
				8E55F4061DEA024500911C05 /* Base */,
				8E68A44B1E8EE32D00FDF54B /* de */,
				8E68A44D1E8EE33D00FDF54B /* pt-BR */,
				DCC266851EB9002B001D3C4C /* en */,
			);
			name = SignIn.storyboard;
			sourceTree = "<group>";
		};
		8E68A44A1E8EE32100FDF54B /* Main.storyboard */ = {
			isa = PBXVariantGroup;
			children = (
				8E68A4491E8EE32100FDF54B /* Base */,
				8E68A44C1E8EE32D00FDF54B /* de */,
				8E68A44E1E8EE33D00FDF54B /* pt-BR */,
				DCC2667B1EB8F753001D3C4C /* en */,
			);
			name = Main.storyboard;
			sourceTree = "<group>";
		};
		DCC2667E1EB8F92C001D3C4C /* Localizable.strings */ = {
			isa = PBXVariantGroup;
			children = (
				DCC2667F1EB8F935001D3C4C /* en */,
				DCC266801EB8F939001D3C4C /* de */,
				DCC266811EB8F939001D3C4C /* pt-BR */,
			);
			name = Localizable.strings;
			sourceTree = "<group>";
		};
/* End PBXVariantGroup section */

/* Begin XCBuildConfiguration section */
		8E55F40E1DEA024600911C05 /* Debug */ = {
			isa = XCBuildConfiguration;
			buildSettings = {
				ALWAYS_SEARCH_USER_PATHS = NO;
				CLANG_ANALYZER_LOCALIZABILITY_NONLOCALIZED = YES;
				CLANG_ANALYZER_NONNULL = YES;
				CLANG_CXX_LANGUAGE_STANDARD = "gnu++0x";
				CLANG_CXX_LIBRARY = "libc++";
				CLANG_ENABLE_MODULES = YES;
				CLANG_ENABLE_OBJC_ARC = YES;
				CLANG_WARN_BOOL_CONVERSION = YES;
				CLANG_WARN_CONSTANT_CONVERSION = YES;
				CLANG_WARN_DIRECT_OBJC_ISA_USAGE = YES_ERROR;
				CLANG_WARN_DOCUMENTATION_COMMENTS = YES;
				CLANG_WARN_EMPTY_BODY = YES;
				CLANG_WARN_ENUM_CONVERSION = YES;
				CLANG_WARN_INFINITE_RECURSION = YES;
				CLANG_WARN_INT_CONVERSION = YES;
				CLANG_WARN_OBJC_ROOT_CLASS = YES_ERROR;
				CLANG_WARN_SUSPICIOUS_MOVES = YES;
				CLANG_WARN_UNREACHABLE_CODE = YES;
				CLANG_WARN__DUPLICATE_METHOD_MATCH = YES;
				CODE_SIGN_IDENTITY = "iPhone Developer: Leandro Henrique Junqueira (A46MHC5N4R)";
				"CODE_SIGN_IDENTITY[sdk=iphoneos*]" = "iPhone Developer: Leandro Henrique Junqueira (A46MHC5N4R)";
				COPY_PHASE_STRIP = NO;
				DEBUG_INFORMATION_FORMAT = dwarf;
				DEVELOPMENT_TEAM = CFU6825MEZ;
				ENABLE_STRICT_OBJC_MSGSEND = YES;
				ENABLE_TESTABILITY = YES;
				GCC_C_LANGUAGE_STANDARD = gnu99;
				GCC_DYNAMIC_NO_PIC = NO;
				GCC_NO_COMMON_BLOCKS = YES;
				GCC_OPTIMIZATION_LEVEL = 0;
				GCC_PREPROCESSOR_DEFINITIONS = (
					"DEBUG=1",
					"$(inherited)",
				);
				GCC_WARN_64_TO_32_BIT_CONVERSION = YES;
				GCC_WARN_ABOUT_RETURN_TYPE = YES_ERROR;
				GCC_WARN_UNDECLARED_SELECTOR = YES;
				GCC_WARN_UNINITIALIZED_AUTOS = YES_AGGRESSIVE;
				GCC_WARN_UNUSED_FUNCTION = YES;
				GCC_WARN_UNUSED_VARIABLE = YES;
				IPHONEOS_DEPLOYMENT_TARGET = 10.1;
				MTL_ENABLE_DEBUG_INFO = YES;
				ONLY_ACTIVE_ARCH = YES;
				PROVISIONING_PROFILE = "af90ce87-80f9-4e66-9644-686c3d58ab3e";
				SDKROOT = iphoneos;
				SWIFT_ACTIVE_COMPILATION_CONDITIONS = DEBUG;
				SWIFT_OPTIMIZATION_LEVEL = "-Onone";
			};
			name = Debug;
		};
		8E55F40F1DEA024600911C05 /* Release */ = {
			isa = XCBuildConfiguration;
			buildSettings = {
				ALWAYS_SEARCH_USER_PATHS = NO;
				CLANG_ANALYZER_LOCALIZABILITY_NONLOCALIZED = YES;
				CLANG_ANALYZER_NONNULL = YES;
				CLANG_CXX_LANGUAGE_STANDARD = "gnu++0x";
				CLANG_CXX_LIBRARY = "libc++";
				CLANG_ENABLE_MODULES = YES;
				CLANG_ENABLE_OBJC_ARC = YES;
				CLANG_WARN_BOOL_CONVERSION = YES;
				CLANG_WARN_CONSTANT_CONVERSION = YES;
				CLANG_WARN_DIRECT_OBJC_ISA_USAGE = YES_ERROR;
				CLANG_WARN_DOCUMENTATION_COMMENTS = YES;
				CLANG_WARN_EMPTY_BODY = YES;
				CLANG_WARN_ENUM_CONVERSION = YES;
				CLANG_WARN_INFINITE_RECURSION = YES;
				CLANG_WARN_INT_CONVERSION = YES;
				CLANG_WARN_OBJC_ROOT_CLASS = YES_ERROR;
				CLANG_WARN_SUSPICIOUS_MOVES = YES;
				CLANG_WARN_UNREACHABLE_CODE = YES;
				CLANG_WARN__DUPLICATE_METHOD_MATCH = YES;
				CODE_SIGN_IDENTITY = "iPhone Distribution: Leandro Henrique Junqueira (CFU6825MEZ)";
				"CODE_SIGN_IDENTITY[sdk=iphoneos*]" = "iPhone Distribution: Leandro Henrique Junqueira (CFU6825MEZ)";
				COPY_PHASE_STRIP = NO;
				DEBUG_INFORMATION_FORMAT = "dwarf-with-dsym";
				DEVELOPMENT_TEAM = CFU6825MEZ;
				ENABLE_NS_ASSERTIONS = NO;
				ENABLE_STRICT_OBJC_MSGSEND = YES;
				GCC_C_LANGUAGE_STANDARD = gnu99;
				GCC_NO_COMMON_BLOCKS = YES;
				GCC_WARN_64_TO_32_BIT_CONVERSION = YES;
				GCC_WARN_ABOUT_RETURN_TYPE = YES_ERROR;
				GCC_WARN_UNDECLARED_SELECTOR = YES;
				GCC_WARN_UNINITIALIZED_AUTOS = YES_AGGRESSIVE;
				GCC_WARN_UNUSED_FUNCTION = YES;
				GCC_WARN_UNUSED_VARIABLE = YES;
				IPHONEOS_DEPLOYMENT_TARGET = 10.1;
				MTL_ENABLE_DEBUG_INFO = NO;
				PROVISIONING_PROFILE = "3b2842d6-2a29-43e7-b3f5-edb4fc994825";
				SDKROOT = iphoneos;
				SWIFT_OPTIMIZATION_LEVEL = "-Owholemodule";
				VALIDATE_PRODUCT = YES;
			};
			name = Release;
		};
		8E55F4111DEA024600911C05 /* Debug */ = {
			isa = XCBuildConfiguration;
			baseConfigurationReference = 8D237CF94C26B67967047897 /* Pods-Happyling.debug.xcconfig */;
			buildSettings = {
				ASSETCATALOG_COMPILER_APPICON_NAME = AppIcon;
				ASSETCATALOG_COMPILER_LAUNCHIMAGE_NAME = BrandAsset;
				CODE_SIGN_ENTITLEMENTS = Happyling/Happyling.entitlements;
				CODE_SIGN_IDENTITY = "iPhone Developer";
				"CODE_SIGN_IDENTITY[sdk=iphoneos*]" = "iPhone Developer";
				DEVELOPMENT_TEAM = CFU6825MEZ;
				INFOPLIST_FILE = Happyling/Info.plist;
				IPHONEOS_DEPLOYMENT_TARGET = 9.0;
				LD_RUNPATH_SEARCH_PATHS = "$(inherited) @executable_path/Frameworks";
				PRODUCT_BUNDLE_IDENTIFIER = de.happyling.app;
				PRODUCT_NAME = "$(TARGET_NAME)";
				PROVISIONING_PROFILE = "af90ce87-80f9-4e66-9644-686c3d58ab3e";
				PROVISIONING_PROFILE_SPECIFIER = "Happyling Dev";
				SWIFT_VERSION = 3.0;
			};
			name = Debug;
		};
		8E55F4121DEA024600911C05 /* Release */ = {
			isa = XCBuildConfiguration;
			baseConfigurationReference = CC5CF2DAF012F706F9236D87 /* Pods-Happyling.release.xcconfig */;
			buildSettings = {
				ASSETCATALOG_COMPILER_APPICON_NAME = AppIcon;
				ASSETCATALOG_COMPILER_LAUNCHIMAGE_NAME = BrandAsset;
				CODE_SIGN_ENTITLEMENTS = Happyling/Happyling.entitlements;
				CODE_SIGN_IDENTITY = "iPhone Developer";
				"CODE_SIGN_IDENTITY[sdk=iphoneos*]" = "iPhone Distribution";
				DEVELOPMENT_TEAM = CFU6825MEZ;
				INFOPLIST_FILE = Happyling/Info.plist;
				IPHONEOS_DEPLOYMENT_TARGET = 9.0;
				LD_RUNPATH_SEARCH_PATHS = "$(inherited) @executable_path/Frameworks";
				PRODUCT_BUNDLE_IDENTIFIER = de.happyling.app;
				PRODUCT_NAME = "$(TARGET_NAME)";
				PROVISIONING_PROFILE = "3b2842d6-2a29-43e7-b3f5-edb4fc994825";
				PROVISIONING_PROFILE_SPECIFIER = "Happyling Ad Hoc";
				SWIFT_VERSION = 3.0;
			};
			name = Release;
		};
/* End XCBuildConfiguration section */

/* Begin XCConfigurationList section */
		8E55F3F91DEA024500911C05 /* Build configuration list for PBXProject "Happyling" */ = {
			isa = XCConfigurationList;
			buildConfigurations = (
				8E55F40E1DEA024600911C05 /* Debug */,
				8E55F40F1DEA024600911C05 /* Release */,
			);
			defaultConfigurationIsVisible = 0;
			defaultConfigurationName = Release;
		};
		8E55F4101DEA024600911C05 /* Build configuration list for PBXNativeTarget "Happyling" */ = {
			isa = XCConfigurationList;
			buildConfigurations = (
				8E55F4111DEA024600911C05 /* Debug */,
				8E55F4121DEA024600911C05 /* Release */,
			);
			defaultConfigurationIsVisible = 0;
			defaultConfigurationName = Release;
		};
/* End XCConfigurationList section */
	};
	rootObject = 8E55F3F61DEA024500911C05 /* Project object */;
}
